// !$*UTF8*$!
{
	archiveVersion = 1;
	classes = {
	};
	objectVersion = 46;
	objects = {

/* Begin PBXBuildFile section */
		6286FBD71C577C2B0000E7E6 /* AppDelegate.swift in Sources */ = {isa = PBXBuildFile; fileRef = 6286FBD61C577C2B0000E7E6 /* AppDelegate.swift */; };
		6286FBD91C577C2B0000E7E6 /* ViewController.swift in Sources */ = {isa = PBXBuildFile; fileRef = 6286FBD81C577C2B0000E7E6 /* ViewController.swift */; };
		6286FBDC1C577C2B0000E7E6 /* Main.storyboard in Resources */ = {isa = PBXBuildFile; fileRef = 6286FBDA1C577C2B0000E7E6 /* Main.storyboard */; };
		6286FBDE1C577C2B0000E7E6 /* Assets.xcassets in Resources */ = {isa = PBXBuildFile; fileRef = 6286FBDD1C577C2B0000E7E6 /* Assets.xcassets */; };
		6286FBE11C577C2B0000E7E6 /* LaunchScreen.storyboard in Resources */ = {isa = PBXBuildFile; fileRef = 6286FBDF1C577C2B0000E7E6 /* LaunchScreen.storyboard */; };
		6286FBE91C577C770000E7E6 /* Socialite.swift in Sources */ = {isa = PBXBuildFile; fileRef = 6286FBE81C577C770000E7E6 /* Socialite.swift */; };
		97BDC6C356F7F06F0A23BF38 /* Pods_Sociallite.framework in Frameworks */ = {isa = PBXBuildFile; fileRef = 3F3CF52911487701CC268004 /* Pods_Sociallite.framework */; };
/* End PBXBuildFile section */

/* Begin PBXFileReference section */
		3F3CF52911487701CC268004 /* Pods_Sociallite.framework */ = {isa = PBXFileReference; explicitFileType = wrapper.framework; includeInIndex = 0; path = Pods_Sociallite.framework; sourceTree = BUILT_PRODUCTS_DIR; };
		41AB7AE84C6AB5ECAEB90BF0 /* Pods-Sociallite.debug.xcconfig */ = {isa = PBXFileReference; includeInIndex = 1; lastKnownFileType = text.xcconfig; name = "Pods-Sociallite.debug.xcconfig"; path = "Pods/Target Support Files/Pods-Sociallite/Pods-Sociallite.debug.xcconfig"; sourceTree = "<group>"; };
		6286FBD31C577C2B0000E7E6 /* Sociallite.app */ = {isa = PBXFileReference; explicitFileType = wrapper.application; includeInIndex = 0; path = Sociallite.app; sourceTree = BUILT_PRODUCTS_DIR; };
		6286FBD61C577C2B0000E7E6 /* AppDelegate.swift */ = {isa = PBXFileReference; lastKnownFileType = sourcecode.swift; path = AppDelegate.swift; sourceTree = "<group>"; };
		6286FBD81C577C2B0000E7E6 /* ViewController.swift */ = {isa = PBXFileReference; lastKnownFileType = sourcecode.swift; path = ViewController.swift; sourceTree = "<group>"; };
		6286FBDB1C577C2B0000E7E6 /* Base */ = {isa = PBXFileReference; lastKnownFileType = file.storyboard; name = Base; path = Base.lproj/Main.storyboard; sourceTree = "<group>"; };
		6286FBDD1C577C2B0000E7E6 /* Assets.xcassets */ = {isa = PBXFileReference; lastKnownFileType = folder.assetcatalog; path = Assets.xcassets; sourceTree = "<group>"; };
		6286FBE01C577C2B0000E7E6 /* Base */ = {isa = PBXFileReference; lastKnownFileType = file.storyboard; name = Base; path = Base.lproj/LaunchScreen.storyboard; sourceTree = "<group>"; };
		6286FBE21C577C2B0000E7E6 /* Info.plist */ = {isa = PBXFileReference; lastKnownFileType = text.plist.xml; path = Info.plist; sourceTree = "<group>"; };
		6286FBE81C577C770000E7E6 /* Socialite.swift */ = {isa = PBXFileReference; fileEncoding = 4; lastKnownFileType = sourcecode.swift; path = Socialite.swift; sourceTree = "<group>"; };
		964B5EA47EF8029D66AE9B90 /* Pods-Sociallite.release.xcconfig */ = {isa = PBXFileReference; includeInIndex = 1; lastKnownFileType = text.xcconfig; name = "Pods-Sociallite.release.xcconfig"; path = "Pods/Target Support Files/Pods-Sociallite/Pods-Sociallite.release.xcconfig"; sourceTree = "<group>"; };
/* End PBXFileReference section */

/* Begin PBXFrameworksBuildPhase section */
		6286FBD01C577C2B0000E7E6 /* Frameworks */ = {
			isa = PBXFrameworksBuildPhase;
			buildActionMask = 2147483647;
			files = (
				97BDC6C356F7F06F0A23BF38 /* Pods_Sociallite.framework in Frameworks */,
			);
			runOnlyForDeploymentPostprocessing = 0;
		};
/* End PBXFrameworksBuildPhase section */

/* Begin PBXGroup section */
		6286FBCA1C577C2B0000E7E6 = {
			isa = PBXGroup;
			children = (
				6286FBD51C577C2B0000E7E6 /* Sociallite */,
				6286FBD41C577C2B0000E7E6 /* Products */,
				80AB1CDA89CA86419D082D96 /* Pods */,
				980890812A2A006836C7DEC9 /* Frameworks */,
			);
			sourceTree = "<group>";
		};
		6286FBD41C577C2B0000E7E6 /* Products */ = {
			isa = PBXGroup;
			children = (
				6286FBD31C577C2B0000E7E6 /* Sociallite.app */,
			);
			name = Products;
			sourceTree = "<group>";
		};
		6286FBD51C577C2B0000E7E6 /* Sociallite */ = {
			isa = PBXGroup;
			children = (
				6286FBE81C577C770000E7E6 /* Socialite.swift */,
				6286FBD61C577C2B0000E7E6 /* AppDelegate.swift */,
				6286FBD81C577C2B0000E7E6 /* ViewController.swift */,
				6286FBDA1C577C2B0000E7E6 /* Main.storyboard */,
				6286FBDD1C577C2B0000E7E6 /* Assets.xcassets */,
				6286FBDF1C577C2B0000E7E6 /* LaunchScreen.storyboard */,
				6286FBE21C577C2B0000E7E6 /* Info.plist */,
			);
			path = Sociallite;
			sourceTree = "<group>";
		};
		80AB1CDA89CA86419D082D96 /* Pods */ = {
			isa = PBXGroup;
			children = (
				41AB7AE84C6AB5ECAEB90BF0 /* Pods-Sociallite.debug.xcconfig */,
				964B5EA47EF8029D66AE9B90 /* Pods-Sociallite.release.xcconfig */,
			);
			name = Pods;
			sourceTree = "<group>";
		};
		980890812A2A006836C7DEC9 /* Frameworks */ = {
			isa = PBXGroup;
			children = (
				3F3CF52911487701CC268004 /* Pods_Sociallite.framework */,
			);
			name = Frameworks;
			sourceTree = "<group>";
		};
/* End PBXGroup section */

/* Begin PBXNativeTarget section */
		6286FBD21C577C2B0000E7E6 /* Sociallite */ = {
			isa = PBXNativeTarget;
			buildConfigurationList = 6286FBE51C577C2B0000E7E6 /* Build configuration list for PBXNativeTarget "Sociallite" */;
			buildPhases = (
				848759F331C5F0C441F28CF6 /* Check Pods Manifest.lock */,
				6286FBCF1C577C2B0000E7E6 /* Sources */,
				6286FBD01C577C2B0000E7E6 /* Frameworks */,
				6286FBD11C577C2B0000E7E6 /* Resources */,
				76B3A678A94F09CFAD7F0188 /* Embed Pods Frameworks */,
				0037D4566BA6AD72378A8FD0 /* Copy Pods Resources */,
				6286FBEA1C5784940000E7E6 /* ShellScript */,
			);
			buildRules = (
			);
			dependencies = (
			);
			name = Sociallite;
			productName = Sociallite;
			productReference = 6286FBD31C577C2B0000E7E6 /* Sociallite.app */;
			productType = "com.apple.product-type.application";
		};
/* End PBXNativeTarget section */

/* Begin PBXProject section */
		6286FBCB1C577C2B0000E7E6 /* Project object */ = {
			isa = PBXProject;
			attributes = {
				LastSwiftUpdateCheck = 0720;
				LastUpgradeCheck = 0720;
				ORGANIZATIONNAME = "Ibrahim Kteish";
				TargetAttributes = {
					6286FBD21C577C2B0000E7E6 = {
						CreatedOnToolsVersion = 7.2;
					};
				};
			};
			buildConfigurationList = 6286FBCE1C577C2B0000E7E6 /* Build configuration list for PBXProject "Sociallite" */;
			compatibilityVersion = "Xcode 3.2";
			developmentRegion = English;
			hasScannedForEncodings = 0;
			knownRegions = (
				en,
				Base,
			);
			mainGroup = 6286FBCA1C577C2B0000E7E6;
			productRefGroup = 6286FBD41C577C2B0000E7E6 /* Products */;
			projectDirPath = "";
			projectRoot = "";
			targets = (
				6286FBD21C577C2B0000E7E6 /* Sociallite */,
			);
		};
/* End PBXProject section */

/* Begin PBXResourcesBuildPhase section */
		6286FBD11C577C2B0000E7E6 /* Resources */ = {
			isa = PBXResourcesBuildPhase;
			buildActionMask = 2147483647;
			files = (
				6286FBE11C577C2B0000E7E6 /* LaunchScreen.storyboard in Resources */,
				6286FBDE1C577C2B0000E7E6 /* Assets.xcassets in Resources */,
				6286FBDC1C577C2B0000E7E6 /* Main.storyboard in Resources */,
			);
			runOnlyForDeploymentPostprocessing = 0;
		};
/* End PBXResourcesBuildPhase section */

/* Begin PBXShellScriptBuildPhase section */
		0037D4566BA6AD72378A8FD0 /* Copy Pods Resources */ = {
			isa = PBXShellScriptBuildPhase;
			buildActionMask = 2147483647;
			files = (
			);
			inputPaths = (
			);
			name = "Copy Pods Resources";
			outputPaths = (
			);
			runOnlyForDeploymentPostprocessing = 0;
			shellPath = /bin/sh;
			shellScript = "\"${SRCROOT}/Pods/Target Support Files/Pods-Sociallite/Pods-Sociallite-resources.sh\"\n";
			showEnvVarsInLog = 0;
		};
		6286FBEA1C5784940000E7E6 /* ShellScript */ = {
			isa = PBXShellScriptBuildPhase;
			buildActionMask = 2147483647;
			files = (
			);
			inputPaths = (
			);
			outputPaths = (
			);
			runOnlyForDeploymentPostprocessing = 0;
			shellPath = /bin/sh;
			shellScript = "\"${PODS_ROOT}/Fabric/run\" 6e2627e32b12fac30c5457be648f9e51df4497f7 cf4412fb16395d029c88f479b1679bc39bf3ca4f2742200ed0cb1dc5be05e40d";
		};
		76B3A678A94F09CFAD7F0188 /* Embed Pods Frameworks */ = {
			isa = PBXShellScriptBuildPhase;
			buildActionMask = 2147483647;
			files = (
			);
			inputPaths = (
			);
			name = "Embed Pods Frameworks";
			outputPaths = (
			);
			runOnlyForDeploymentPostprocessing = 0;
			shellPath = /bin/sh;
			shellScript = "\"${SRCROOT}/Pods/Target Support Files/Pods-Sociallite/Pods-Sociallite-frameworks.sh\"\n";
			showEnvVarsInLog = 0;
		};
		848759F331C5F0C441F28CF6 /* Check Pods Manifest.lock */ = {
			isa = PBXShellScriptBuildPhase;
			buildActionMask = 2147483647;
			files = (
			);
			inputPaths = (
			);
			name = "Check Pods Manifest.lock";
			outputPaths = (
			);
			runOnlyForDeploymentPostprocessing = 0;
			shellPath = /bin/sh;
			shellScript = "diff \"${PODS_ROOT}/../Podfile.lock\" \"${PODS_ROOT}/Manifest.lock\" > /dev/null\nif [[ $? != 0 ]] ; then\n    cat << EOM\nerror: The sandbox is not in sync with the Podfile.lock. Run 'pod install' or update your CocoaPods installation.\nEOM\n    exit 1\nfi\n";
			showEnvVarsInLog = 0;
		};
/* End PBXShellScriptBuildPhase section */

/* Begin PBXSourcesBuildPhase section */
		6286FBCF1C577C2B0000E7E6 /* Sources */ = {
			isa = PBXSourcesBuildPhase;
			buildActionMask = 2147483647;
			files = (
				6286FBD91C577C2B0000E7E6 /* ViewController.swift in Sources */,
				6286FBD71C577C2B0000E7E6 /* AppDelegate.swift in Sources */,
				6286FBE91C577C770000E7E6 /* Socialite.swift in Sources */,
			);
			runOnlyForDeploymentPostprocessing = 0;
		};
/* End PBXSourcesBuildPhase section */

/* Begin PBXVariantGroup section */
		6286FBDA1C577C2B0000E7E6 /* Main.storyboard */ = {
			isa = PBXVariantGroup;
			children = (
				6286FBDB1C577C2B0000E7E6 /* Base */,
			);
			name = Main.storyboard;
			sourceTree = "<group>";
		};
		6286FBDF1C577C2B0000E7E6 /* LaunchScreen.storyboard */ = {
			isa = PBXVariantGroup;
			children = (
				6286FBE01C577C2B0000E7E6 /* Base */,
			);
			name = LaunchScreen.storyboard;
			sourceTree = "<group>";
		};
/* End PBXVariantGroup section */

/* Begin XCBuildConfiguration section */
		6286FBE31C577C2B0000E7E6 /* Debug */ = {
			isa = XCBuildConfiguration;
			buildSettings = {
				ALWAYS_SEARCH_USER_PATHS = NO;
				CLANG_CXX_LANGUAGE_STANDARD = "gnu++0x";
				CLANG_CXX_LIBRARY = "libc++";
				CLANG_ENABLE_MODULES = YES;
				CLANG_ENABLE_OBJC_ARC = YES;
				CLANG_WARN_BOOL_CONVERSION = YES;
				CLANG_WARN_CONSTANT_CONVERSION = YES;
				CLANG_WARN_DIRECT_OBJC_ISA_USAGE = YES_ERROR;
				CLANG_WARN_EMPTY_BODY = YES;
				CLANG_WARN_ENUM_CONVERSION = YES;
				CLANG_WARN_INT_CONVERSION = YES;
				CLANG_WARN_OBJC_ROOT_CLASS = YES_ERROR;
				CLANG_WARN_UNREACHABLE_CODE = YES;
				CLANG_WARN__DUPLICATE_METHOD_MATCH = YES;
				"CODE_SIGN_IDENTITY[sdk=iphoneos*]" = "iPhone Developer";
				COPY_PHASE_STRIP = NO;
				DEBUG_INFORMATION_FORMAT = dwarf;
				ENABLE_STRICT_OBJC_MSGSEND = YES;
				ENABLE_TESTABILITY = YES;
				GCC_C_LANGUAGE_STANDARD = gnu99;
				GCC_DYNAMIC_NO_PIC = NO;
				GCC_NO_COMMON_BLOCKS = YES;
				GCC_OPTIMIZATION_LEVEL = 0;
				GCC_PREPROCESSOR_DEFINITIONS = (
					"DEBUG=1",
					"$(inherited)",
				);
				GCC_WARN_64_TO_32_BIT_CONVERSION = YES;
				GCC_WARN_ABOUT_RETURN_TYPE = YES_ERROR;
				GCC_WARN_UNDECLARED_SELECTOR = YES;
				GCC_WARN_UNINITIALIZED_AUTOS = YES_AGGRESSIVE;
				GCC_WARN_UNUSED_FUNCTION = YES;
				GCC_WARN_UNUSED_VARIABLE = YES;
				IPHONEOS_DEPLOYMENT_TARGET = 9.2;
				MTL_ENABLE_DEBUG_INFO = YES;
				ONLY_ACTIVE_ARCH = YES;
				SDKROOT = iphoneos;
				SWIFT_OPTIMIZATION_LEVEL = "-Onone";
			};
			name = Debug;
		};
		6286FBE41C577C2B0000E7E6 /* Release */ = {
			isa = XCBuildConfiguration;
			buildSettings = {
				ALWAYS_SEARCH_USER_PATHS = NO;
				CLANG_CXX_LANGUAGE_STANDARD = "gnu++0x";
				CLANG_CXX_LIBRARY = "libc++";
				CLANG_ENABLE_MODULES = YES;
				CLANG_ENABLE_OBJC_ARC = YES;
				CLANG_WARN_BOOL_CONVERSION = YES;
				CLANG_WARN_CONSTANT_CONVERSION = YES;
				CLANG_WARN_DIRECT_OBJC_ISA_USAGE = YES_ERROR;
				CLANG_WARN_EMPTY_BODY = YES;
				CLANG_WARN_ENUM_CONVERSION = YES;
				CLANG_WARN_INT_CONVERSION = YES;
				CLANG_WARN_OBJC_ROOT_CLASS = YES_ERROR;
				CLANG_WARN_UNREACHABLE_CODE = YES;
				CLANG_WARN__DUPLICATE_METHOD_MATCH = YES;
				"CODE_SIGN_IDENTITY[sdk=iphoneos*]" = "iPhone Developer";
				COPY_PHASE_STRIP = NO;
				DEBUG_INFORMATION_FORMAT = "dwarf-with-dsym";
				ENABLE_NS_ASSERTIONS = NO;
				ENABLE_STRICT_OBJC_MSGSEND = YES;
				GCC_C_LANGUAGE_STANDARD = gnu99;
				GCC_NO_COMMON_BLOCKS = YES;
				GCC_WARN_64_TO_32_BIT_CONVERSION = YES;
				GCC_WARN_ABOUT_RETURN_TYPE = YES_ERROR;
				GCC_WARN_UNDECLARED_SELECTOR = YES;
				GCC_WARN_UNINITIALIZED_AUTOS = YES_AGGRESSIVE;
				GCC_WARN_UNUSED_FUNCTION = YES;
				GCC_WARN_UNUSED_VARIABLE = YES;
				IPHONEOS_DEPLOYMENT_TARGET = 9.2;
				MTL_ENABLE_DEBUG_INFO = NO;
				SDKROOT = iphoneos;
				VALIDATE_PRODUCT = YES;
			};
			name = Release;
		};
		6286FBE61C577C2B0000E7E6 /* Debug */ = {
			isa = XCBuildConfiguration;
			baseConfigurationReference = 41AB7AE84C6AB5ECAEB90BF0 /* Pods-Sociallite.debug.xcconfig */;
			buildSettings = {
				ASSETCATALOG_COMPILER_APPICON_NAME = AppIcon;
				INFOPLIST_FILE = Sociallite/Info.plist;
				IPHONEOS_DEPLOYMENT_TARGET = 8.0;
				LD_RUNPATH_SEARCH_PATHS = "$(inherited) @executable_path/Frameworks";
				PRODUCT_BUNDLE_IDENTIFIER = com.vinelab.Sociallite;
				PRODUCT_NAME = "$(TARGET_NAME)";
			};
			name = Debug;
		};
		6286FBE71C577C2B0000E7E6 /* Release */ = {
			isa = XCBuildConfiguration;
			baseConfigurationReference = 964B5EA47EF8029D66AE9B90 /* Pods-Sociallite.release.xcconfig */;
			buildSettings = {
				ASSETCATALOG_COMPILER_APPICON_NAME = AppIcon;
				INFOPLIST_FILE = Sociallite/Info.plist;
				IPHONEOS_DEPLOYMENT_TARGET = 8.0;
				LD_RUNPATH_SEARCH_PATHS = "$(inherited) @executable_path/Frameworks";
				PRODUCT_BUNDLE_IDENTIFIER = com.vinelab.Sociallite;
				PRODUCT_NAME = "$(TARGET_NAME)";
			};
			name = Release;
		};
/* End XCBuildConfiguration section */

/* Begin XCConfigurationList section */
		6286FBCE1C577C2B0000E7E6 /* Build configuration list for PBXProject "Sociallite" */ = {
			isa = XCConfigurationList;
			buildConfigurations = (
				6286FBE31C577C2B0000E7E6 /* Debug */,
				6286FBE41C577C2B0000E7E6 /* Release */,
			);
			defaultConfigurationIsVisible = 0;
			defaultConfigurationName = Release;
		};
		6286FBE51C577C2B0000E7E6 /* Build configuration list for PBXNativeTarget "Sociallite" */ = {
			isa = XCConfigurationList;
			buildConfigurations = (
				6286FBE61C577C2B0000E7E6 /* Debug */,
				6286FBE71C577C2B0000E7E6 /* Release */,
			);
			defaultConfigurationIsVisible = 0;
			defaultConfigurationName = Release;
		};
/* End XCConfigurationList section */
	};
	rootObject = 6286FBCB1C577C2B0000E7E6 /* Project object */;
}
